
Microsoft Visual Studio Solution File, Format Version 12.00
# Visual Studio Version 16
VisualStudioVersion = 16.0.32002.261
MinimumVisualStudioVersion = 10.0.40219.1
Project("{FAE04EC0-301F-11D3-BF4B-00C04F79EFBC}") = "dio-poo-herois", "dio-poo-herois.csproj", "{BB11F617-F4BE-4ECE-8703-ED8BD9EB619F}"
EndProject
Global
	GlobalSection(SolutionConfigurationPlatforms) = preSolution
		Debug|Any CPU = Debug|Any CPU
		Release|Any CPU = Release|Any CPU
	EndGlobalSection
	GlobalSection(ProjectConfigurationPlatforms) = postSolution
		{BB11F617-F4BE-4ECE-8703-ED8BD9EB619F}.Debug|Any CPU.ActiveCfg = Debug|Any CPU
		{BB11F617-F4BE-4ECE-8703-ED8BD9EB619F}.Debug|Any CPU.Build.0 = Debug|Any CPU
		{BB11F617-F4BE-4ECE-8703-ED8BD9EB619F}.Release|Any CPU.ActiveCfg = Release|Any CPU
		{BB11F617-F4BE-4ECE-8703-ED8BD9EB619F}.Release|Any CPU.Build.0 = Release|Any CPU
	EndGlobalSection
	GlobalSection(SolutionProperties) = preSolution
		HideSolutionNode = FALSE
	EndGlobalSection
	GlobalSection(ExtensibilityGlobals) = postSolution
		SolutionGuid = {83DC8107-3F8B-47AA-8077-0464093BBACD}
	EndGlobalSection
EndGlobal
